// !$*UTF8*$!
{
	archiveVersion = 1;
	classes = {
	};
	objectVersion = 50;
	objects = {

/* Begin PBXBuildFile section */
		BA0B331C22EF757900BED62C /* Meme.swift in Sources */ = {isa = PBXBuildFile; fileRef = BA0B331B22EF757900BED62C /* Meme.swift */; };
		BA237FDD22E6529E00273D62 /* AppDelegate.swift in Sources */ = {isa = PBXBuildFile; fileRef = BA237FDC22E6529E00273D62 /* AppDelegate.swift */; };
		BA237FDF22E6529E00273D62 /* MemeEditViewController.swift in Sources */ = {isa = PBXBuildFile; fileRef = BA237FDE22E6529E00273D62 /* MemeEditViewController.swift */; };
		BA237FE222E6529E00273D62 /* CreateMeme.storyboard in Resources */ = {isa = PBXBuildFile; fileRef = BA237FE022E6529E00273D62 /* CreateMeme.storyboard */; };
		BA237FE422E652A100273D62 /* Assets.xcassets in Resources */ = {isa = PBXBuildFile; fileRef = BA237FE322E652A100273D62 /* Assets.xcassets */; };
		BA237FE722E652A100273D62 /* LaunchScreen.storyboard in Resources */ = {isa = PBXBuildFile; fileRef = BA237FE522E652A100273D62 /* LaunchScreen.storyboard */; };
		BA237FF222E65B0900273D62 /* MemeTextFieldDelegate.swift in Sources */ = {isa = PBXBuildFile; fileRef = BA237FF122E65B0900273D62 /* MemeTextFieldDelegate.swift */; };
		BABB4F6F230661A100063BA5 /* MemesDataModel.xcdatamodeld in Sources */ = {isa = PBXBuildFile; fileRef = BABB4F6D230661A000063BA5 /* MemesDataModel.xcdatamodeld */; };
		BADACAE52300CFF000DEB7EF /* BrowseMeme.storyboard in Resources */ = {isa = PBXBuildFile; fileRef = BADACAE42300CFF000DEB7EF /* BrowseMeme.storyboard */; };
		BADACAE72300D15100DEB7EF /* BrowseViewController.swift in Sources */ = {isa = PBXBuildFile; fileRef = BADACAE62300D15100DEB7EF /* BrowseViewController.swift */; };
		BADACAE92300F13000DEB7EF /* BrowseCollectionViewController.swift in Sources */ = {isa = PBXBuildFile; fileRef = BADACAE82300F13000DEB7EF /* BrowseCollectionViewController.swift */; };
		BADACAEB2300F15500DEB7EF /* BrowseTableViewController.swift in Sources */ = {isa = PBXBuildFile; fileRef = BADACAEA2300F15500DEB7EF /* BrowseTableViewController.swift */; };
		BADACAEF230206CC00DEB7EF /* BrowseTableViewCell.swift in Sources */ = {isa = PBXBuildFile; fileRef = BADACAEE230206CC00DEB7EF /* BrowseTableViewCell.swift */; };
		BADACAF123020E6F00DEB7EF /* BrowseCollectionViewCell.swift in Sources */ = {isa = PBXBuildFile; fileRef = BADACAF023020E6F00DEB7EF /* BrowseCollectionViewCell.swift */; };
		BADACAF3230220A900DEB7EF /* MemoryFunctions.swift in Sources */ = {isa = PBXBuildFile; fileRef = BADACAF2230220A900DEB7EF /* MemoryFunctions.swift */; };
/* End PBXBuildFile section */

/* Begin PBXFileReference section */
		BA0B331B22EF757900BED62C /* Meme.swift */ = {isa = PBXFileReference; lastKnownFileType = sourcecode.swift; path = Meme.swift; sourceTree = "<group>"; };
		BA237FD922E6529E00273D62 /* MemeMe 2.app */ = {isa = PBXFileReference; explicitFileType = wrapper.application; includeInIndex = 0; path = "MemeMe 2.app"; sourceTree = BUILT_PRODUCTS_DIR; };
		BA237FDC22E6529E00273D62 /* AppDelegate.swift */ = {isa = PBXFileReference; lastKnownFileType = sourcecode.swift; path = AppDelegate.swift; sourceTree = "<group>"; };
		BA237FDE22E6529E00273D62 /* MemeEditViewController.swift */ = {isa = PBXFileReference; lastKnownFileType = sourcecode.swift; path = MemeEditViewController.swift; sourceTree = "<group>"; };
		BA237FE122E6529E00273D62 /* Base */ = {isa = PBXFileReference; lastKnownFileType = file.storyboard; name = Base; path = Base.lproj/CreateMeme.storyboard; sourceTree = "<group>"; };
		BA237FE322E652A100273D62 /* Assets.xcassets */ = {isa = PBXFileReference; lastKnownFileType = folder.assetcatalog; path = Assets.xcassets; sourceTree = "<group>"; };
		BA237FE622E652A100273D62 /* Base */ = {isa = PBXFileReference; lastKnownFileType = file.storyboard; name = Base; path = Base.lproj/LaunchScreen.storyboard; sourceTree = "<group>"; };
		BA237FE822E652A100273D62 /* Info.plist */ = {isa = PBXFileReference; lastKnownFileType = text.plist.xml; path = Info.plist; sourceTree = "<group>"; };
		BA237FF122E65B0900273D62 /* MemeTextFieldDelegate.swift */ = {isa = PBXFileReference; lastKnownFileType = sourcecode.swift; path = MemeTextFieldDelegate.swift; sourceTree = "<group>"; };
		BABB4F6E230661A100063BA5 /* MemesDataModel.xcdatamodel */ = {isa = PBXFileReference; lastKnownFileType = wrapper.xcdatamodel; path = MemesDataModel.xcdatamodel; sourceTree = "<group>"; };
		BADACAE42300CFF000DEB7EF /* BrowseMeme.storyboard */ = {isa = PBXFileReference; lastKnownFileType = file.storyboard; path = BrowseMeme.storyboard; sourceTree = "<group>"; };
		BADACAE62300D15100DEB7EF /* BrowseViewController.swift */ = {isa = PBXFileReference; lastKnownFileType = sourcecode.swift; path = BrowseViewController.swift; sourceTree = "<group>"; };
		BADACAE82300F13000DEB7EF /* BrowseCollectionViewController.swift */ = {isa = PBXFileReference; lastKnownFileType = sourcecode.swift; path = BrowseCollectionViewController.swift; sourceTree = "<group>"; };
		BADACAEA2300F15500DEB7EF /* BrowseTableViewController.swift */ = {isa = PBXFileReference; lastKnownFileType = sourcecode.swift; path = BrowseTableViewController.swift; sourceTree = "<group>"; };
		BADACAEE230206CC00DEB7EF /* BrowseTableViewCell.swift */ = {isa = PBXFileReference; lastKnownFileType = sourcecode.swift; path = BrowseTableViewCell.swift; sourceTree = "<group>"; };
		BADACAF023020E6F00DEB7EF /* BrowseCollectionViewCell.swift */ = {isa = PBXFileReference; lastKnownFileType = sourcecode.swift; path = BrowseCollectionViewCell.swift; sourceTree = "<group>"; };
		BADACAF2230220A900DEB7EF /* MemoryFunctions.swift */ = {isa = PBXFileReference; lastKnownFileType = sourcecode.swift; path = MemoryFunctions.swift; sourceTree = "<group>"; };
/* End PBXFileReference section */

/* Begin PBXFrameworksBuildPhase section */
		BA237FD622E6529E00273D62 /* Frameworks */ = {
			isa = PBXFrameworksBuildPhase;
			buildActionMask = 2147483647;
			files = (
			);
			runOnlyForDeploymentPostprocessing = 0;
		};
/* End PBXFrameworksBuildPhase section */

/* Begin PBXGroup section */
		BA0B331A22EF755D00BED62C /* Models */ = {
			isa = PBXGroup;
			children = (
				BA0B331B22EF757900BED62C /* Meme.swift */,
			);
			path = Models;
			sourceTree = "<group>";
		};
		BA237FD022E6529E00273D62 = {
			isa = PBXGroup;
			children = (
				BABB4F6D230661A000063BA5 /* MemesDataModel.xcdatamodeld */,
				BA237FDB22E6529E00273D62 /* MemeMe 2 */,
				BA237FDA22E6529E00273D62 /* Products */,
			);
			sourceTree = "<group>";
		};
		BA237FDA22E6529E00273D62 /* Products */ = {
			isa = PBXGroup;
			children = (
				BA237FD922E6529E00273D62 /* MemeMe 2.app */,
			);
			name = Products;
			sourceTree = "<group>";
		};
		BA237FDB22E6529E00273D62 /* MemeMe 2 */ = {
			isa = PBXGroup;
			children = (
				BA0B331A22EF755D00BED62C /* Models */,
				BA237FF022E6541500273D62 /* Storyboards */,
				BA237FEF22E6540300273D62 /* Helpers */,
				BA237FEE22E653FD00273D62 /* Views */,
				BA237FDC22E6529E00273D62 /* AppDelegate.swift */,
				BA237FE322E652A100273D62 /* Assets.xcassets */,
				BA237FE522E652A100273D62 /* LaunchScreen.storyboard */,
				BA237FE822E652A100273D62 /* Info.plist */,
			);
			path = "MemeMe 2";
			sourceTree = "<group>";
		};
		BA237FEE22E653FD00273D62 /* Views */ = {
			isa = PBXGroup;
			children = (
				BA237FDE22E6529E00273D62 /* MemeEditViewController.swift */,
				BADACAE62300D15100DEB7EF /* BrowseViewController.swift */,
				BADACAE82300F13000DEB7EF /* BrowseCollectionViewController.swift */,
				BADACAEA2300F15500DEB7EF /* BrowseTableViewController.swift */,
				BADACAEE230206CC00DEB7EF /* BrowseTableViewCell.swift */,
				BADACAF023020E6F00DEB7EF /* BrowseCollectionViewCell.swift */,
			);
			path = Views;
			sourceTree = "<group>";
		};
		BA237FEF22E6540300273D62 /* Helpers */ = {
			isa = PBXGroup;
			children = (
				BA237FF122E65B0900273D62 /* MemeTextFieldDelegate.swift */,
				BADACAF2230220A900DEB7EF /* MemoryFunctions.swift */,
			);
			path = Helpers;
			sourceTree = "<group>";
		};
		BA237FF022E6541500273D62 /* Storyboards */ = {
			isa = PBXGroup;
			children = (
				BA237FE022E6529E00273D62 /* CreateMeme.storyboard */,
				BADACAE42300CFF000DEB7EF /* BrowseMeme.storyboard */,
			);
			path = Storyboards;
			sourceTree = "<group>";
		};
/* End PBXGroup section */

/* Begin PBXNativeTarget section */
		BA237FD822E6529E00273D62 /* MemeMe 2 */ = {
			isa = PBXNativeTarget;
			buildConfigurationList = BA237FEB22E652A100273D62 /* Build configuration list for PBXNativeTarget "MemeMe 2" */;
			buildPhases = (
				BA237FD522E6529E00273D62 /* Sources */,
				BA237FD622E6529E00273D62 /* Frameworks */,
				BA237FD722E6529E00273D62 /* Resources */,
			);
			buildRules = (
			);
			dependencies = (
			);
			name = "MemeMe 2";
			productName = MemeMe;
			productReference = BA237FD922E6529E00273D62 /* MemeMe 2.app */;
			productType = "com.apple.product-type.application";
		};
/* End PBXNativeTarget section */

/* Begin PBXProject section */
		BA237FD122E6529E00273D62 /* Project object */ = {
			isa = PBXProject;
			attributes = {
				LastSwiftUpdateCheck = 1020;
				LastUpgradeCheck = 1020;
				ORGANIZATIONNAME = Praxsis;
				TargetAttributes = {
					BA237FD822E6529E00273D62 = {
						CreatedOnToolsVersion = 10.2.1;
					};
				};
			};
			buildConfigurationList = BA237FD422E6529E00273D62 /* Build configuration list for PBXProject "MemeMe 2" */;
			compatibilityVersion = "Xcode 9.3";
			developmentRegion = en;
			hasScannedForEncodings = 0;
			knownRegions = (
				en,
				Base,
			);
			mainGroup = BA237FD022E6529E00273D62;
			productRefGroup = BA237FDA22E6529E00273D62 /* Products */;
			projectDirPath = "";
			projectRoot = "";
			targets = (
				BA237FD822E6529E00273D62 /* MemeMe 2 */,
			);
		};
/* End PBXProject section */

/* Begin PBXResourcesBuildPhase section */
		BA237FD722E6529E00273D62 /* Resources */ = {
			isa = PBXResourcesBuildPhase;
			buildActionMask = 2147483647;
			files = (
				BA237FE722E652A100273D62 /* LaunchScreen.storyboard in Resources */,
				BADACAE52300CFF000DEB7EF /* BrowseMeme.storyboard in Resources */,
				BA237FE422E652A100273D62 /* Assets.xcassets in Resources */,
				BA237FE222E6529E00273D62 /* CreateMeme.storyboard in Resources */,
			);
			runOnlyForDeploymentPostprocessing = 0;
		};
/* End PBXResourcesBuildPhase section */

/* Begin PBXSourcesBuildPhase section */
		BA237FD522E6529E00273D62 /* Sources */ = {
			isa = PBXSourcesBuildPhase;
			buildActionMask = 2147483647;
			files = (
				BA237FDF22E6529E00273D62 /* MemeEditViewController.swift in Sources */,
				BADACAEF230206CC00DEB7EF /* BrowseTableViewCell.swift in Sources */,
				BA0B331C22EF757900BED62C /* Meme.swift in Sources */,
				BADACAF123020E6F00DEB7EF /* BrowseCollectionViewCell.swift in Sources */,
				BABB4F6F230661A100063BA5 /* MemesDataModel.xcdatamodeld in Sources */,
				BADACAE92300F13000DEB7EF /* BrowseCollectionViewController.swift in Sources */,
				BADACAEB2300F15500DEB7EF /* BrowseTableViewController.swift in Sources */,
				BADACAF3230220A900DEB7EF /* MemoryFunctions.swift in Sources */,
				BA237FF222E65B0900273D62 /* MemeTextFieldDelegate.swift in Sources */,
				BA237FDD22E6529E00273D62 /* AppDelegate.swift in Sources */,
				BADACAE72300D15100DEB7EF /* BrowseViewController.swift in Sources */,
			);
			runOnlyForDeploymentPostprocessing = 0;
		};
/* End PBXSourcesBuildPhase section */

/* Begin PBXVariantGroup section */
		BA237FE022E6529E00273D62 /* CreateMeme.storyboard */ = {
			isa = PBXVariantGroup;
			children = (
				BA237FE122E6529E00273D62 /* Base */,
			);
			name = CreateMeme.storyboard;
			sourceTree = "<group>";
		};
		BA237FE522E652A100273D62 /* LaunchScreen.storyboard */ = {
			isa = PBXVariantGroup;
			children = (
				BA237FE622E652A100273D62 /* Base */,
			);
			name = LaunchScreen.storyboard;
			sourceTree = "<group>";
		};
/* End PBXVariantGroup section */

/* Begin XCBuildConfiguration section */
		BA237FE922E652A100273D62 /* Debug */ = {
			isa = XCBuildConfiguration;
			buildSettings = {
				ALWAYS_SEARCH_USER_PATHS = NO;
				CLANG_ANALYZER_NONNULL = YES;
				CLANG_ANALYZER_NUMBER_OBJECT_CONVERSION = YES_AGGRESSIVE;
				CLANG_CXX_LANGUAGE_STANDARD = "gnu++14";
				CLANG_CXX_LIBRARY = "libc++";
				CLANG_ENABLE_MODULES = YES;
				CLANG_ENABLE_OBJC_ARC = YES;
				CLANG_ENABLE_OBJC_WEAK = YES;
				CLANG_WARN_BLOCK_CAPTURE_AUTORELEASING = YES;
				CLANG_WARN_BOOL_CONVERSION = YES;
				CLANG_WARN_COMMA = YES;
				CLANG_WARN_CONSTANT_CONVERSION = YES;
				CLANG_WARN_DEPRECATED_OBJC_IMPLEMENTATIONS = YES;
				CLANG_WARN_DIRECT_OBJC_ISA_USAGE = YES_ERROR;
				CLANG_WARN_DOCUMENTATION_COMMENTS = YES;
				CLANG_WARN_EMPTY_BODY = YES;
				CLANG_WARN_ENUM_CONVERSION = YES;
				CLANG_WARN_INFINITE_RECURSION = YES;
				CLANG_WARN_INT_CONVERSION = YES;
				CLANG_WARN_NON_LITERAL_NULL_CONVERSION = YES;
				CLANG_WARN_OBJC_IMPLICIT_RETAIN_SELF = YES;
				CLANG_WARN_OBJC_LITERAL_CONVERSION = YES;
				CLANG_WARN_OBJC_ROOT_CLASS = YES_ERROR;
				CLANG_WARN_RANGE_LOOP_ANALYSIS = YES;
				CLANG_WARN_STRICT_PROTOTYPES = YES;
				CLANG_WARN_SUSPICIOUS_MOVE = YES;
				CLANG_WARN_UNGUARDED_AVAILABILITY = YES_AGGRESSIVE;
				CLANG_WARN_UNREACHABLE_CODE = YES;
				CLANG_WARN__DUPLICATE_METHOD_MATCH = YES;
				CODE_SIGN_IDENTITY = "iPhone Developer";
				COPY_PHASE_STRIP = NO;
				DEBUG_INFORMATION_FORMAT = dwarf;
				ENABLE_STRICT_OBJC_MSGSEND = YES;
				ENABLE_TESTABILITY = YES;
				GCC_C_LANGUAGE_STANDARD = gnu11;
				GCC_DYNAMIC_NO_PIC = NO;
				GCC_NO_COMMON_BLOCKS = YES;
				GCC_OPTIMIZATION_LEVEL = 0;
				GCC_PREPROCESSOR_DEFINITIONS = (
					"DEBUG=1",
					"$(inherited)",
				);
				GCC_WARN_64_TO_32_BIT_CONVERSION = YES;
				GCC_WARN_ABOUT_RETURN_TYPE = YES_ERROR;
				GCC_WARN_UNDECLARED_SELECTOR = YES;
				GCC_WARN_UNINITIALIZED_AUTOS = YES_AGGRESSIVE;
				GCC_WARN_UNUSED_FUNCTION = YES;
				GCC_WARN_UNUSED_VARIABLE = YES;
				IPHONEOS_DEPLOYMENT_TARGET = 12.2;
				MTL_ENABLE_DEBUG_INFO = INCLUDE_SOURCE;
				MTL_FAST_MATH = YES;
				ONLY_ACTIVE_ARCH = YES;
				SDKROOT = iphoneos;
				SWIFT_ACTIVE_COMPILATION_CONDITIONS = DEBUG;
				SWIFT_OPTIMIZATION_LEVEL = "-Onone";
			};
			name = Debug;
		};
		BA237FEA22E652A100273D62 /* Release */ = {
			isa = XCBuildConfiguration;
			buildSettings = {
				ALWAYS_SEARCH_USER_PATHS = NO;
				CLANG_ANALYZER_NONNULL = YES;
				CLANG_ANALYZER_NUMBER_OBJECT_CONVERSION = YES_AGGRESSIVE;
				CLANG_CXX_LANGUAGE_STANDARD = "gnu++14";
				CLANG_CXX_LIBRARY = "libc++";
				CLANG_ENABLE_MODULES = YES;
				CLANG_ENABLE_OBJC_ARC = YES;
				CLANG_ENABLE_OBJC_WEAK = YES;
				CLANG_WARN_BLOCK_CAPTURE_AUTORELEASING = YES;
				CLANG_WARN_BOOL_CONVERSION = YES;
				CLANG_WARN_COMMA = YES;
				CLANG_WARN_CONSTANT_CONVERSION = YES;
				CLANG_WARN_DEPRECATED_OBJC_IMPLEMENTATIONS = YES;
				CLANG_WARN_DIRECT_OBJC_ISA_USAGE = YES_ERROR;
				CLANG_WARN_DOCUMENTATION_COMMENTS = YES;
				CLANG_WARN_EMPTY_BODY = YES;
				CLANG_WARN_ENUM_CONVERSION = YES;
				CLANG_WARN_INFINITE_RECURSION = YES;
				CLANG_WARN_INT_CONVERSION = YES;
				CLANG_WARN_NON_LITERAL_NULL_CONVERSION = YES;
				CLANG_WARN_OBJC_IMPLICIT_RETAIN_SELF = YES;
				CLANG_WARN_OBJC_LITERAL_CONVERSION = YES;
				CLANG_WARN_OBJC_ROOT_CLASS = YES_ERROR;
				CLANG_WARN_RANGE_LOOP_ANALYSIS = YES;
				CLANG_WARN_STRICT_PROTOTYPES = YES;
				CLANG_WARN_SUSPICIOUS_MOVE = YES;
				CLANG_WARN_UNGUARDED_AVAILABILITY = YES_AGGRESSIVE;
				CLANG_WARN_UNREACHABLE_CODE = YES;
				CLANG_WARN__DUPLICATE_METHOD_MATCH = YES;
				CODE_SIGN_IDENTITY = "iPhone Developer";
				COPY_PHASE_STRIP = NO;
				DEBUG_INFORMATION_FORMAT = "dwarf-with-dsym";
				ENABLE_NS_ASSERTIONS = NO;
				ENABLE_STRICT_OBJC_MSGSEND = YES;
				GCC_C_LANGUAGE_STANDARD = gnu11;
				GCC_NO_COMMON_BLOCKS = YES;
				GCC_WARN_64_TO_32_BIT_CONVERSION = YES;
				GCC_WARN_ABOUT_RETURN_TYPE = YES_ERROR;
				GCC_WARN_UNDECLARED_SELECTOR = YES;
				GCC_WARN_UNINITIALIZED_AUTOS = YES_AGGRESSIVE;
				GCC_WARN_UNUSED_FUNCTION = YES;
				GCC_WARN_UNUSED_VARIABLE = YES;
				IPHONEOS_DEPLOYMENT_TARGET = 12.2;
				MTL_ENABLE_DEBUG_INFO = NO;
				MTL_FAST_MATH = YES;
				SDKROOT = iphoneos;
				SWIFT_COMPILATION_MODE = wholemodule;
				SWIFT_OPTIMIZATION_LEVEL = "-O";
				VALIDATE_PRODUCT = YES;
			};
			name = Release;
		};
		BA237FEC22E652A100273D62 /* Debug */ = {
			isa = XCBuildConfiguration;
			buildSettings = {
				ASSETCATALOG_COMPILER_APPICON_NAME = AppIcon;
				CODE_SIGN_STYLE = Automatic;
				DEVELOPMENT_TEAM = 96BN6Y34VN;
				INFOPLIST_FILE = "MemeMe 2/Info.plist";
				LD_RUNPATH_SEARCH_PATHS = (
					"$(inherited)",
					"@executable_path/Frameworks",
				);
				PRODUCT_BUNDLE_IDENTIFIER = "Praxsis.MemeMe-2";
				PRODUCT_NAME = "$(TARGET_NAME)";
				SWIFT_VERSION = 5.0;
				TARGETED_DEVICE_FAMILY = "1,2";
			};
			name = Debug;
		};
		BA237FED22E652A100273D62 /* Release */ = {
			isa = XCBuildConfiguration;
			buildSettings = {
				ASSETCATALOG_COMPILER_APPICON_NAME = AppIcon;
				CODE_SIGN_STYLE = Automatic;
				DEVELOPMENT_TEAM = 96BN6Y34VN;
				INFOPLIST_FILE = "MemeMe 2/Info.plist";
				LD_RUNPATH_SEARCH_PATHS = (
					"$(inherited)",
					"@executable_path/Frameworks",
				);
				PRODUCT_BUNDLE_IDENTIFIER = "Praxsis.MemeMe-2";
				PRODUCT_NAME = "$(TARGET_NAME)";
				SWIFT_VERSION = 5.0;
				TARGETED_DEVICE_FAMILY = "1,2";
			};
			name = Release;
		};
/* End XCBuildConfiguration section */

/* Begin XCConfigurationList section */
		BA237FD422E6529E00273D62 /* Build configuration list for PBXProject "MemeMe 2" */ = {
			isa = XCConfigurationList;
			buildConfigurations = (
				BA237FE922E652A100273D62 /* Debug */,
				BA237FEA22E652A100273D62 /* Release */,
			);
			defaultConfigurationIsVisible = 0;
			defaultConfigurationName = Release;
		};
		BA237FEB22E652A100273D62 /* Build configuration list for PBXNativeTarget "MemeMe 2" */ = {
			isa = XCConfigurationList;
			buildConfigurations = (
				BA237FEC22E652A100273D62 /* Debug */,
				BA237FED22E652A100273D62 /* Release */,
			);
			defaultConfigurationIsVisible = 0;
			defaultConfigurationName = Release;
		};
/* End XCConfigurationList section */

/* Begin XCVersionGroup section */
		BABB4F6D230661A000063BA5 /* MemesDataModel.xcdatamodeld */ = {
			isa = XCVersionGroup;
			children = (
				BABB4F6E230661A100063BA5 /* MemesDataModel.xcdatamodel */,
			);
			currentVersion = BABB4F6E230661A100063BA5 /* MemesDataModel.xcdatamodel */;
			path = MemesDataModel.xcdatamodeld;
			sourceTree = "<group>";
			versionGroupType = wrapper.xcdatamodel;
		};
/* End XCVersionGroup section */
	};
	rootObject = BA237FD122E6529E00273D62 /* Project object */;
}
